
Microsoft Visual Studio Solution File, Format Version 12.00
# Visual Studio 15
VisualStudioVersion = 15.0.28307.572
MinimumVisualStudioVersion = 10.0.40219.1
Project("{FAE04EC0-301F-11D3-BF4B-00C04F79EFBC}") = "2_SwapNumber", "2_SwapNumber\2_SwapNumber.csproj", "{AA051272-57B9-4E25-9BE0-06EA9ACEFA5A}"
EndProject
Global
	GlobalSection(SolutionConfigurationPlatforms) = preSolution
		Debug|Any CPU = Debug|Any CPU
		Release|Any CPU = Release|Any CPU
	EndGlobalSection
	GlobalSection(ProjectConfigurationPlatforms) = postSolution
		{AA051272-57B9-4E25-9BE0-06EA9ACEFA5A}.Debug|Any CPU.ActiveCfg = Debug|Any CPU
		{AA051272-57B9-4E25-9BE0-06EA9ACEFA5A}.Debug|Any CPU.Build.0 = Debug|Any CPU
		{AA051272-57B9-4E25-9BE0-06EA9ACEFA5A}.Release|Any CPU.ActiveCfg = Release|Any CPU
		{AA051272-57B9-4E25-9BE0-06EA9ACEFA5A}.Release|Any CPU.Build.0 = Release|Any CPU
	EndGlobalSection
	GlobalSection(SolutionProperties) = preSolution
		HideSolutionNode = FALSE
	EndGlobalSection
	GlobalSection(ExtensibilityGlobals) = postSolution
		SolutionGuid = {C23098FC-7656-4C89-9FC8-60764981E10B}
	EndGlobalSection
EndGlobal
